
Microsoft Visual Studio Solution File, Format Version 12.00
Project("{FAE04EC0-301F-11D3-BF4B-00C04F79EFBC}") = "contact-manager", "contact-manager\contact-manager.csproj", "{B15B406B-A6BA-4085-BD0C-763FA2976E2B}"
EndProject
Global
	GlobalSection(SolutionConfigurationPlatforms) = preSolution
		Debug|Any CPU = Debug|Any CPU
		Release|Any CPU = Release|Any CPU
	EndGlobalSection
	GlobalSection(ProjectConfigurationPlatforms) = postSolution
		{B15B406B-A6BA-4085-BD0C-763FA2976E2B}.Debug|Any CPU.ActiveCfg = Debug|Any CPU
		{B15B406B-A6BA-4085-BD0C-763FA2976E2B}.Debug|Any CPU.Build.0 = Debug|Any CPU
		{B15B406B-A6BA-4085-BD0C-763FA2976E2B}.Release|Any CPU.ActiveCfg = Release|Any CPU
		{B15B406B-A6BA-4085-BD0C-763FA2976E2B}.Release|Any CPU.Build.0 = Release|Any CPU
	EndGlobalSection
EndGlobal
